
Microsoft Visual Studio Solution File, Format Version 12.00
# Visual Studio Version 16
VisualStudioVersion = 16.0.32901.82
MinimumVisualStudioVersion = 10.0.40219.1
Project("{F184B08F-C81C-45F6-A57F-5ABD9991F28F}") = "Sandbox", "Sandbox.vbproj", "{EACFA4CF-6D6C-418A-B036-7B418CDD6796}"
EndProject
Global
	GlobalSection(SolutionConfigurationPlatforms) = preSolution
		Debug|Any CPU = Debug|Any CPU
		Release|Any CPU = Release|Any CPU
	EndGlobalSection
	GlobalSection(ProjectConfigurationPlatforms) = postSolution
		{EACFA4CF-6D6C-418A-B036-7B418CDD6796}.Debug|Any CPU.ActiveCfg = Debug|Any CPU
		{EACFA4CF-6D6C-418A-B036-7B418CDD6796}.Debug|Any CPU.Build.0 = Debug|Any CPU
		{EACFA4CF-6D6C-418A-B036-7B418CDD6796}.Release|Any CPU.ActiveCfg = Release|Any CPU
		{EACFA4CF-6D6C-418A-B036-7B418CDD6796}.Release|Any CPU.Build.0 = Release|Any CPU
	EndGlobalSection
	GlobalSection(SolutionProperties) = preSolution
		HideSolutionNode = FALSE
	EndGlobalSection
	GlobalSection(ExtensibilityGlobals) = postSolution
		SolutionGuid = {103DBA7C-DD85-4495-B671-3E1BC9482226}
	EndGlobalSection
EndGlobal
